
Microsoft Visual Studio Solution File, Format Version 12.00
# Visual Studio 2013
VisualStudioVersion = 12.0.21005.1
MinimumVisualStudioVersion = 10.0.40219.1
Project("{8BC9CEB8-8B4A-11D0-8D11-00A0C91BC942}") = "Std7Lines", "Love\Love.vcxproj", "{80E0D975-5DF6-404F-80B8-1D49F776EC10}"
EndProject
Project("{8BC9CEB8-8B4A-11D0-8D11-00A0C91BC942}") = "SumPrj", "SumPrj\SumPrj.vcxproj", "{06F82E43-AA0C-4FED-8B02-523CB1E6D2F8}"
EndProject
Project("{8BC9CEB8-8B4A-11D0-8D11-00A0C91BC942}") = "multipy", "multipy\multipy.vcxproj", "{7DAC243A-5F30-493D-B8C3-43F183FA252A}"
EndProject
Project("{8BC9CEB8-8B4A-11D0-8D11-00A0C91BC942}") = "class", "class\class.vcxproj", "{28F8E6B4-C61C-4FAE-8794-EF6D3474CF15}"
EndProject
Project("{8BC9CEB8-8B4A-11D0-8D11-00A0C91BC942}") = "前后增", "前后增\前后增.vcxproj", "{A89DDE3E-2CB3-4CD4-9303-01EF5C3404C4}"
EndProject
Project("{8BC9CEB8-8B4A-11D0-8D11-00A0C91BC942}") = "文末生成器", "文末生成器\文末生成器.vcxproj", "{40231D0A-06C2-4594-B11A-8C48B5E6B811}"
EndProject
Project("{8BC9CEB8-8B4A-11D0-8D11-00A0C91BC942}") = "各种临时尝试", "各种临时尝试\各种临时尝试.vcxproj", "{E312A88A-B737-4965-99B5-044D3C9453C2}"
EndProject
Project("{8BC9CEB8-8B4A-11D0-8D11-00A0C91BC942}") = "质数检验", "质数检验\质数检验.vcxproj", "{D53BCB2B-5A5B-48C6-A373-0EF2DAE4FAAB}"
EndProject
Project("{8BC9CEB8-8B4A-11D0-8D11-00A0C91BC942}") = "BellPrj", "BellPrj\BellPrj.vcxproj", "{A7AAC3B6-1863-415D-ABDD-28061B2CE79D}"
EndProject
Project("{8BC9CEB8-8B4A-11D0-8D11-00A0C91BC942}") = "LarestOfTwo", "LarestOfTwo\LarestOfTwo.vcxproj", "{CB9E64DF-EF85-49BB-9226-D19746929DB5}"
EndProject
Project("{8BC9CEB8-8B4A-11D0-8D11-00A0C91BC942}") = "GuessNums", "GuessNums\GuessNums.vcxproj", "{BDB9B0E3-D02E-47C6-B818-CCB05A0E9E0D}"
EndProject
Project("{8BC9CEB8-8B4A-11D0-8D11-00A0C91BC942}") = "GradeCmpute", "GradeCmpute\GradeCmpute.vcxproj", "{4D5C3266-C347-47AF-9A73-590063797936}"
EndProject
Project("{8BC9CEB8-8B4A-11D0-8D11-00A0C91BC942}") = "CycleLove", "CycleLove\CycleLove.vcxproj", "{4A1428F0-E07E-4E98-90DA-467F9801BAC8}"
EndProject
Project("{8BC9CEB8-8B4A-11D0-8D11-00A0C91BC942}") = "数列", "等比\等比.vcxproj", "{F76DB4D9-065E-4348-B587-AC97E91275CF}"
EndProject
Project("{8BC9CEB8-8B4A-11D0-8D11-00A0C91BC942}") = "阶乘foredit", "阶乘foredit\阶乘foredit.vcxproj", "{16AF07DF-161A-4932-AAF1-7223C879DF8C}"
EndProject
Project("{8BC9CEB8-8B4A-11D0-8D11-00A0C91BC942}") = "Pidivide4", "Pidivide4\Pidivide4.vcxproj", "{ED5B9AB2-9A89-4C5F-840B-35893F1749F0}"
EndProject
Project("{8BC9CEB8-8B4A-11D0-8D11-00A0C91BC942}") = "水仙数", "水仙数\水仙数.vcxproj", "{4AE4E1BE-1CDE-4063-A7B3-58B5FD7D18B3}"
EndProject
Project("{8BC9CEB8-8B4A-11D0-8D11-00A0C91BC942}") = "奇数累乘", "奇数累乘\奇数累乘.vcxproj", "{7099325F-7B22-4B6B-A563-7037D95C77DD}"
EndProject
Project("{8BC9CEB8-8B4A-11D0-8D11-00A0C91BC942}") = "checkoutPrime", "checkoutPrime\checkoutPrime.vcxproj", "{A8EABB38-D462-4F4A-B867-66909BD94005}"
EndProject
Project("{8BC9CEB8-8B4A-11D0-8D11-00A0C91BC942}") = "斐波拉契", "斐波拉契\斐波拉契.vcxproj", "{7B13DE93-9C2B-4A32-BF13-D69F671B4ABB}"
EndProject
Project("{8BC9CEB8-8B4A-11D0-8D11-00A0C91BC942}") = "偶数列累乘", "偶数列累乘\偶数列累乘.vcxproj", "{31CEDFFB-D867-4B87-AC4D-FAE1BADDCC0B}"
EndProject
Project("{8BC9CEB8-8B4A-11D0-8D11-00A0C91BC942}") = "数组初始", "数组初始\数组初始.vcxproj", "{EFF0642E-8327-434B-BDFC-4E7CC5ED162D}"
EndProject
Project("{8BC9CEB8-8B4A-11D0-8D11-00A0C91BC942}") = "oddhomework递归版", "oddhomework\oddhomework.vcxproj", "{5B4D910D-E378-49AD-A8A5-5E5911F9EF61}"
EndProject
Project("{8BC9CEB8-8B4A-11D0-8D11-00A0C91BC942}") = "基数阶乘函数封装版", "基数阶乘函数封装版\基数阶乘函数封装版.vcxproj", "{81D4E2E6-AB9D-4679-A344-726B8E1290AF}"
EndProject
Project("{8BC9CEB8-8B4A-11D0-8D11-00A0C91BC942}") = "多文件实现n！", "多文件实现n！\多文件实现n！.vcxproj", "{ACBB8C94-0940-43AE-AB90-A40AD3217086}"
EndProject
Project("{8BC9CEB8-8B4A-11D0-8D11-00A0C91BC942}") = "斐波拉契数组", "斐波拉契数组\斐波拉契数组.vcxproj", "{720BD652-EA42-4E80-8BA9-02A30308FF4F}"
EndProject
Project("{8BC9CEB8-8B4A-11D0-8D11-00A0C91BC942}") = "bubble", "bubble\bubble.vcxproj", "{815E08C4-DC72-44F3-BC9B-A6C94F6F9B07}"
EndProject
Project("{8BC9CEB8-8B4A-11D0-8D11-00A0C91BC942}") = "二维数组", "二维数组\二维数组.vcxproj", "{0B039B4B-AD02-43D5-AA0E-D46A1F1FCDF4}"
EndProject
Project("{8BC9CEB8-8B4A-11D0-8D11-00A0C91BC942}") = "数组成绩", "数组成绩\数组成绩.vcxproj", "{DCFD7E3C-7DEB-4CB0-BAB5-D97F1DE4BA89}"
EndProject
Project("{8BC9CEB8-8B4A-11D0-8D11-00A0C91BC942}") = "Pointrer", "Pointrer\Pointrer.vcxproj", "{B49242D3-5640-42E9-A82E-B0F8453DF11C}"
EndProject
Project("{8BC9CEB8-8B4A-11D0-8D11-00A0C91BC942}") = "数组数列", "数组数列\数组数列.vcxproj", "{18051210-F8CE-4A9B-B413-278BFB9C53E3}"
EndProject
Project("{8BC9CEB8-8B4A-11D0-8D11-00A0C91BC942}") = "轮流趋势", "轮流趋势\轮流趋势.vcxproj", "{BCF2CADB-6B11-4E9F-B4C9-BDB61A4204BC}"
EndProject
Project("{8BC9CEB8-8B4A-11D0-8D11-00A0C91BC942}") = "堆内存", "堆内存\堆内存.vcxproj", "{B173D962-0249-45EB-971A-5E85D1300982}"
EndProject
Project("{8BC9CEB8-8B4A-11D0-8D11-00A0C91BC942}") = "堆内存作业", "堆内存作业\堆内存作业.vcxproj", "{14D7B6AA-EA29-4D8B-B459-B1FA80055CBC}"
EndProject
Project("{8BC9CEB8-8B4A-11D0-8D11-00A0C91BC942}") = "字符操作", "字符操作\字符操作.vcxproj", "{47D7FDA3-B2E6-453C-9D2E-E254D5A1AAB1}"
EndProject
Project("{8BC9CEB8-8B4A-11D0-8D11-00A0C91BC942}") = "指针数组", "指针数组\指针数组.vcxproj", "{83BE560E-EB5E-4243-85E0-8F463D32B44A}"
EndProject
Project("{8BC9CEB8-8B4A-11D0-8D11-00A0C91BC942}") = "地址调用", "传值调用\传值调用.vcxproj", "{C151EC7B-8613-467E-9B74-094811ACEFB9}"
EndProject
Project("{8BC9CEB8-8B4A-11D0-8D11-00A0C91BC942}") = "Struct", "Struct\Struct.vcxproj", "{06A46395-EAA3-4450-8B73-49237A5FE67C}"
EndProject
Project("{8BC9CEB8-8B4A-11D0-8D11-00A0C91BC942}") = "位异或", "位异或\位异或.vcxproj", "{D0111B27-F316-4312-9DBB-D8928AB05E42}"
EndProject
Global
	GlobalSection(SolutionConfigurationPlatforms) = preSolution
		Debug|Win32 = Debug|Win32
		Release|Win32 = Release|Win32
	EndGlobalSection
	GlobalSection(ProjectConfigurationPlatforms) = postSolution
		{80E0D975-5DF6-404F-80B8-1D49F776EC10}.Debug|Win32.ActiveCfg = Debug|Win32
		{80E0D975-5DF6-404F-80B8-1D49F776EC10}.Debug|Win32.Build.0 = Debug|Win32
		{80E0D975-5DF6-404F-80B8-1D49F776EC10}.Release|Win32.ActiveCfg = Release|Win32
		{80E0D975-5DF6-404F-80B8-1D49F776EC10}.Release|Win32.Build.0 = Release|Win32
		{06F82E43-AA0C-4FED-8B02-523CB1E6D2F8}.Debug|Win32.ActiveCfg = Debug|Win32
		{06F82E43-AA0C-4FED-8B02-523CB1E6D2F8}.Debug|Win32.Build.0 = Debug|Win32
		{06F82E43-AA0C-4FED-8B02-523CB1E6D2F8}.Release|Win32.ActiveCfg = Release|Win32
		{06F82E43-AA0C-4FED-8B02-523CB1E6D2F8}.Release|Win32.Build.0 = Release|Win32
		{7DAC243A-5F30-493D-B8C3-43F183FA252A}.Debug|Win32.ActiveCfg = Debug|Win32
		{7DAC243A-5F30-493D-B8C3-43F183FA252A}.Debug|Win32.Build.0 = Debug|Win32
		{7DAC243A-5F30-493D-B8C3-43F183FA252A}.Release|Win32.ActiveCfg = Release|Win32
		{7DAC243A-5F30-493D-B8C3-43F183FA252A}.Release|Win32.Build.0 = Release|Win32
		{28F8E6B4-C61C-4FAE-8794-EF6D3474CF15}.Debug|Win32.ActiveCfg = Debug|Win32
		{28F8E6B4-C61C-4FAE-8794-EF6D3474CF15}.Debug|Win32.Build.0 = Debug|Win32
		{28F8E6B4-C61C-4FAE-8794-EF6D3474CF15}.Release|Win32.ActiveCfg = Release|Win32
		{28F8E6B4-C61C-4FAE-8794-EF6D3474CF15}.Release|Win32.Build.0 = Release|Win32
		{A89DDE3E-2CB3-4CD4-9303-01EF5C3404C4}.Debug|Win32.ActiveCfg = Debug|Win32
		{A89DDE3E-2CB3-4CD4-9303-01EF5C3404C4}.Debug|Win32.Build.0 = Debug|Win32
		{A89DDE3E-2CB3-4CD4-9303-01EF5C3404C4}.Release|Win32.ActiveCfg = Release|Win32
		{A89DDE3E-2CB3-4CD4-9303-01EF5C3404C4}.Release|Win32.Build.0 = Release|Win32
		{40231D0A-06C2-4594-B11A-8C48B5E6B811}.Debug|Win32.ActiveCfg = Debug|Win32
		{40231D0A-06C2-4594-B11A-8C48B5E6B811}.Debug|Win32.Build.0 = Debug|Win32
		{40231D0A-06C2-4594-B11A-8C48B5E6B811}.Release|Win32.ActiveCfg = Release|Win32
		{40231D0A-06C2-4594-B11A-8C48B5E6B811}.Release|Win32.Build.0 = Release|Win32
		{E312A88A-B737-4965-99B5-044D3C9453C2}.Debug|Win32.ActiveCfg = Debug|Win32
		{E312A88A-B737-4965-99B5-044D3C9453C2}.Debug|Win32.Build.0 = Debug|Win32
		{E312A88A-B737-4965-99B5-044D3C9453C2}.Release|Win32.ActiveCfg = Release|Win32
		{E312A88A-B737-4965-99B5-044D3C9453C2}.Release|Win32.Build.0 = Release|Win32
		{D53BCB2B-5A5B-48C6-A373-0EF2DAE4FAAB}.Debug|Win32.ActiveCfg = Debug|Win32
		{D53BCB2B-5A5B-48C6-A373-0EF2DAE4FAAB}.Debug|Win32.Build.0 = Debug|Win32
		{D53BCB2B-5A5B-48C6-A373-0EF2DAE4FAAB}.Release|Win32.ActiveCfg = Release|Win32
		{D53BCB2B-5A5B-48C6-A373-0EF2DAE4FAAB}.Release|Win32.Build.0 = Release|Win32
		{A7AAC3B6-1863-415D-ABDD-28061B2CE79D}.Debug|Win32.ActiveCfg = Debug|Win32
		{A7AAC3B6-1863-415D-ABDD-28061B2CE79D}.Debug|Win32.Build.0 = Debug|Win32
		{A7AAC3B6-1863-415D-ABDD-28061B2CE79D}.Release|Win32.ActiveCfg = Release|Win32
		{A7AAC3B6-1863-415D-ABDD-28061B2CE79D}.Release|Win32.Build.0 = Release|Win32
		{CB9E64DF-EF85-49BB-9226-D19746929DB5}.Debug|Win32.ActiveCfg = Debug|Win32
		{CB9E64DF-EF85-49BB-9226-D19746929DB5}.Debug|Win32.Build.0 = Debug|Win32
		{CB9E64DF-EF85-49BB-9226-D19746929DB5}.Release|Win32.ActiveCfg = Release|Win32
		{CB9E64DF-EF85-49BB-9226-D19746929DB5}.Release|Win32.Build.0 = Release|Win32
		{BDB9B0E3-D02E-47C6-B818-CCB05A0E9E0D}.Debug|Win32.ActiveCfg = Debug|Win32
		{BDB9B0E3-D02E-47C6-B818-CCB05A0E9E0D}.Debug|Win32.Build.0 = Debug|Win32
		{BDB9B0E3-D02E-47C6-B818-CCB05A0E9E0D}.Release|Win32.ActiveCfg = Release|Win32
		{BDB9B0E3-D02E-47C6-B818-CCB05A0E9E0D}.Release|Win32.Build.0 = Release|Win32
		{4D5C3266-C347-47AF-9A73-590063797936}.Debug|Win32.ActiveCfg = Debug|Win32
		{4D5C3266-C347-47AF-9A73-590063797936}.Debug|Win32.Build.0 = Debug|Win32
		{4D5C3266-C347-47AF-9A73-590063797936}.Release|Win32.ActiveCfg = Release|Win32
		{4D5C3266-C347-47AF-9A73-590063797936}.Release|Win32.Build.0 = Release|Win32
		{4A1428F0-E07E-4E98-90DA-467F9801BAC8}.Debug|Win32.ActiveCfg = Debug|Win32
		{4A1428F0-E07E-4E98-90DA-467F9801BAC8}.Debug|Win32.Build.0 = Debug|Win32
		{4A1428F0-E07E-4E98-90DA-467F9801BAC8}.Release|Win32.ActiveCfg = Release|Win32
		{4A1428F0-E07E-4E98-90DA-467F9801BAC8}.Release|Win32.Build.0 = Release|Win32
		{F76DB4D9-065E-4348-B587-AC97E91275CF}.Debug|Win32.ActiveCfg = Debug|Win32
		{F76DB4D9-065E-4348-B587-AC97E91275CF}.Debug|Win32.Build.0 = Debug|Win32
		{F76DB4D9-065E-4348-B587-AC97E91275CF}.Release|Win32.ActiveCfg = Release|Win32
		{F76DB4D9-065E-4348-B587-AC97E91275CF}.Release|Win32.Build.0 = Release|Win32
		{16AF07DF-161A-4932-AAF1-7223C879DF8C}.Debug|Win32.ActiveCfg = Debug|Win32
		{16AF07DF-161A-4932-AAF1-7223C879DF8C}.Debug|Win32.Build.0 = Debug|Win32
		{16AF07DF-161A-4932-AAF1-7223C879DF8C}.Release|Win32.ActiveCfg = Release|Win32
		{16AF07DF-161A-4932-AAF1-7223C879DF8C}.Release|Win32.Build.0 = Release|Win32
		{ED5B9AB2-9A89-4C5F-840B-35893F1749F0}.Debug|Win32.ActiveCfg = Debug|Win32
		{ED5B9AB2-9A89-4C5F-840B-35893F1749F0}.Debug|Win32.Build.0 = Debug|Win32
		{ED5B9AB2-9A89-4C5F-840B-35893F1749F0}.Release|Win32.ActiveCfg = Release|Win32
		{ED5B9AB2-9A89-4C5F-840B-35893F1749F0}.Release|Win32.Build.0 = Release|Win32
		{4AE4E1BE-1CDE-4063-A7B3-58B5FD7D18B3}.Debug|Win32.ActiveCfg = Debug|Win32
		{4AE4E1BE-1CDE-4063-A7B3-58B5FD7D18B3}.Debug|Win32.Build.0 = Debug|Win32
		{4AE4E1BE-1CDE-4063-A7B3-58B5FD7D18B3}.Release|Win32.ActiveCfg = Release|Win32
		{4AE4E1BE-1CDE-4063-A7B3-58B5FD7D18B3}.Release|Win32.Build.0 = Release|Win32
		{7099325F-7B22-4B6B-A563-7037D95C77DD}.Debug|Win32.ActiveCfg = Debug|Win32
		{7099325F-7B22-4B6B-A563-7037D95C77DD}.Debug|Win32.Build.0 = Debug|Win32
		{7099325F-7B22-4B6B-A563-7037D95C77DD}.Release|Win32.ActiveCfg = Release|Win32
		{7099325F-7B22-4B6B-A563-7037D95C77DD}.Release|Win32.Build.0 = Release|Win32
		{A8EABB38-D462-4F4A-B867-66909BD94005}.Debug|Win32.ActiveCfg = Debug|Win32
		{A8EABB38-D462-4F4A-B867-66909BD94005}.Debug|Win32.Build.0 = Debug|Win32
		{A8EABB38-D462-4F4A-B867-66909BD94005}.Release|Win32.ActiveCfg = Release|Win32
		{A8EABB38-D462-4F4A-B867-66909BD94005}.Release|Win32.Build.0 = Release|Win32
		{7B13DE93-9C2B-4A32-BF13-D69F671B4ABB}.Debug|Win32.ActiveCfg = Debug|Win32
		{7B13DE93-9C2B-4A32-BF13-D69F671B4ABB}.Debug|Win32.Build.0 = Debug|Win32
		{7B13DE93-9C2B-4A32-BF13-D69F671B4ABB}.Release|Win32.ActiveCfg = Release|Win32
		{7B13DE93-9C2B-4A32-BF13-D69F671B4ABB}.Release|Win32.Build.0 = Release|Win32
		{31CEDFFB-D867-4B87-AC4D-FAE1BADDCC0B}.Debug|Win32.ActiveCfg = Debug|Win32
		{31CEDFFB-D867-4B87-AC4D-FAE1BADDCC0B}.Debug|Win32.Build.0 = Debug|Win32
		{31CEDFFB-D867-4B87-AC4D-FAE1BADDCC0B}.Release|Win32.ActiveCfg = Release|Win32
		{31CEDFFB-D867-4B87-AC4D-FAE1BADDCC0B}.Release|Win32.Build.0 = Release|Win32
		{EFF0642E-8327-434B-BDFC-4E7CC5ED162D}.Debug|Win32.ActiveCfg = Debug|Win32
		{EFF0642E-8327-434B-BDFC-4E7CC5ED162D}.Debug|Win32.Build.0 = Debug|Win32
		{EFF0642E-8327-434B-BDFC-4E7CC5ED162D}.Release|Win32.ActiveCfg = Release|Win32
		{EFF0642E-8327-434B-BDFC-4E7CC5ED162D}.Release|Win32.Build.0 = Release|Win32
		{5B4D910D-E378-49AD-A8A5-5E5911F9EF61}.Debug|Win32.ActiveCfg = Debug|Win32
		{5B4D910D-E378-49AD-A8A5-5E5911F9EF61}.Debug|Win32.Build.0 = Debug|Win32
		{5B4D910D-E378-49AD-A8A5-5E5911F9EF61}.Release|Win32.ActiveCfg = Release|Win32
		{5B4D910D-E378-49AD-A8A5-5E5911F9EF61}.Release|Win32.Build.0 = Release|Win32
		{81D4E2E6-AB9D-4679-A344-726B8E1290AF}.Debug|Win32.ActiveCfg = Debug|Win32
		{81D4E2E6-AB9D-4679-A344-726B8E1290AF}.Debug|Win32.Build.0 = Debug|Win32
		{81D4E2E6-AB9D-4679-A344-726B8E1290AF}.Release|Win32.ActiveCfg = Release|Win32
		{81D4E2E6-AB9D-4679-A344-726B8E1290AF}.Release|Win32.Build.0 = Release|Win32
		{ACBB8C94-0940-43AE-AB90-A40AD3217086}.Debug|Win32.ActiveCfg = Debug|Win32
		{ACBB8C94-0940-43AE-AB90-A40AD3217086}.Debug|Win32.Build.0 = Debug|Win32
		{ACBB8C94-0940-43AE-AB90-A40AD3217086}.Release|Win32.ActiveCfg = Release|Win32
		{ACBB8C94-0940-43AE-AB90-A40AD3217086}.Release|Win32.Build.0 = Release|Win32
		{720BD652-EA42-4E80-8BA9-02A30308FF4F}.Debug|Win32.ActiveCfg = Debug|Win32
		{720BD652-EA42-4E80-8BA9-02A30308FF4F}.Debug|Win32.Build.0 = Debug|Win32
		{720BD652-EA42-4E80-8BA9-02A30308FF4F}.Release|Win32.ActiveCfg = Release|Win32
		{720BD652-EA42-4E80-8BA9-02A30308FF4F}.Release|Win32.Build.0 = Release|Win32
		{815E08C4-DC72-44F3-BC9B-A6C94F6F9B07}.Debug|Win32.ActiveCfg = Debug|Win32
		{815E08C4-DC72-44F3-BC9B-A6C94F6F9B07}.Debug|Win32.Build.0 = Debug|Win32
		{815E08C4-DC72-44F3-BC9B-A6C94F6F9B07}.Release|Win32.ActiveCfg = Release|Win32
		{815E08C4-DC72-44F3-BC9B-A6C94F6F9B07}.Release|Win32.Build.0 = Release|Win32
		{0B039B4B-AD02-43D5-AA0E-D46A1F1FCDF4}.Debug|Win32.ActiveCfg = Debug|Win32
		{0B039B4B-AD02-43D5-AA0E-D46A1F1FCDF4}.Debug|Win32.Build.0 = Debug|Win32
		{0B039B4B-AD02-43D5-AA0E-D46A1F1FCDF4}.Release|Win32.ActiveCfg = Release|Win32
		{0B039B4B-AD02-43D5-AA0E-D46A1F1FCDF4}.Release|Win32.Build.0 = Release|Win32
		{DCFD7E3C-7DEB-4CB0-BAB5-D97F1DE4BA89}.Debug|Win32.ActiveCfg = Debug|Win32
		{DCFD7E3C-7DEB-4CB0-BAB5-D97F1DE4BA89}.Debug|Win32.Build.0 = Debug|Win32
		{DCFD7E3C-7DEB-4CB0-BAB5-D97F1DE4BA89}.Release|Win32.ActiveCfg = Release|Win32
		{DCFD7E3C-7DEB-4CB0-BAB5-D97F1DE4BA89}.Release|Win32.Build.0 = Release|Win32
		{B49242D3-5640-42E9-A82E-B0F8453DF11C}.Debug|Win32.ActiveCfg = Debug|Win32
		{B49242D3-5640-42E9-A82E-B0F8453DF11C}.Debug|Win32.Build.0 = Debug|Win32
		{B49242D3-5640-42E9-A82E-B0F8453DF11C}.Release|Win32.ActiveCfg = Release|Win32
		{B49242D3-5640-42E9-A82E-B0F8453DF11C}.Release|Win32.Build.0 = Release|Win32
		{18051210-F8CE-4A9B-B413-278BFB9C53E3}.Debug|Win32.ActiveCfg = Debug|Win32
		{18051210-F8CE-4A9B-B413-278BFB9C53E3}.Debug|Win32.Build.0 = Debug|Win32
		{18051210-F8CE-4A9B-B413-278BFB9C53E3}.Release|Win32.ActiveCfg = Release|Win32
		{18051210-F8CE-4A9B-B413-278BFB9C53E3}.Release|Win32.Build.0 = Release|Win32
		{BCF2CADB-6B11-4E9F-B4C9-BDB61A4204BC}.Debug|Win32.ActiveCfg = Debug|Win32
		{BCF2CADB-6B11-4E9F-B4C9-BDB61A4204BC}.Debug|Win32.Build.0 = Debug|Win32
		{BCF2CADB-6B11-4E9F-B4C9-BDB61A4204BC}.Release|Win32.ActiveCfg = Release|Win32
		{BCF2CADB-6B11-4E9F-B4C9-BDB61A4204BC}.Release|Win32.Build.0 = Release|Win32
		{B173D962-0249-45EB-971A-5E85D1300982}.Debug|Win32.ActiveCfg = Debug|Win32
		{B173D962-0249-45EB-971A-5E85D1300982}.Debug|Win32.Build.0 = Debug|Win32
		{B173D962-0249-45EB-971A-5E85D1300982}.Release|Win32.ActiveCfg = Release|Win32
		{B173D962-0249-45EB-971A-5E85D1300982}.Release|Win32.Build.0 = Release|Win32
		{14D7B6AA-EA29-4D8B-B459-B1FA80055CBC}.Debug|Win32.ActiveCfg = Debug|Win32
		{14D7B6AA-EA29-4D8B-B459-B1FA80055CBC}.Debug|Win32.Build.0 = Debug|Win32
		{14D7B6AA-EA29-4D8B-B459-B1FA80055CBC}.Release|Win32.ActiveCfg = Release|Win32
		{14D7B6AA-EA29-4D8B-B459-B1FA80055CBC}.Release|Win32.Build.0 = Release|Win32
		{47D7FDA3-B2E6-453C-9D2E-E254D5A1AAB1}.Debug|Win32.ActiveCfg = Debug|Win32
		{47D7FDA3-B2E6-453C-9D2E-E254D5A1AAB1}.Debug|Win32.Build.0 = Debug|Win32
		{47D7FDA3-B2E6-453C-9D2E-E254D5A1AAB1}.Release|Win32.ActiveCfg = Release|Win32
		{47D7FDA3-B2E6-453C-9D2E-E254D5A1AAB1}.Release|Win32.Build.0 = Release|Win32
		{83BE560E-EB5E-4243-85E0-8F463D32B44A}.Debug|Win32.ActiveCfg = Debug|Win32
		{83BE560E-EB5E-4243-85E0-8F463D32B44A}.Debug|Win32.Build.0 = Debug|Win32
		{83BE560E-EB5E-4243-85E0-8F463D32B44A}.Release|Win32.ActiveCfg = Release|Win32
		{83BE560E-EB5E-4243-85E0-8F463D32B44A}.Release|Win32.Build.0 = Release|Win32
		{C151EC7B-8613-467E-9B74-094811ACEFB9}.Debug|Win32.ActiveCfg = Debug|Win32
		{C151EC7B-8613-467E-9B74-094811ACEFB9}.Debug|Win32.Build.0 = Debug|Win32
		{C151EC7B-8613-467E-9B74-094811ACEFB9}.Release|Win32.ActiveCfg = Release|Win32
		{C151EC7B-8613-467E-9B74-094811ACEFB9}.Release|Win32.Build.0 = Release|Win32
		{06A46395-EAA3-4450-8B73-49237A5FE67C}.Debug|Win32.ActiveCfg = Debug|Win32
		{06A46395-EAA3-4450-8B73-49237A5FE67C}.Debug|Win32.Build.0 = Debug|Win32
		{06A46395-EAA3-4450-8B73-49237A5FE67C}.Release|Win32.ActiveCfg = Release|Win32
		{06A46395-EAA3-4450-8B73-49237A5FE67C}.Release|Win32.Build.0 = Release|Win32
		{D0111B27-F316-4312-9DBB-D8928AB05E42}.Debug|Win32.ActiveCfg = Debug|Win32
		{D0111B27-F316-4312-9DBB-D8928AB05E42}.Debug|Win32.Build.0 = Debug|Win32
		{D0111B27-F316-4312-9DBB-D8928AB05E42}.Release|Win32.ActiveCfg = Release|Win32
		{D0111B27-F316-4312-9DBB-D8928AB05E42}.Release|Win32.Build.0 = Release|Win32
	EndGlobalSection
	GlobalSection(SolutionProperties) = preSolution
		HideSolutionNode = FALSE
	EndGlobalSection
EndGlobal
